
Microsoft Visual Studio Solution File, Format Version 12.00
# Visual Studio Version 16
VisualStudioVersion = 16.0.31129.286
MinimumVisualStudioVersion = 10.0.40219.1
Project("{FAE04EC0-301F-11D3-BF4B-00C04F79EFBC}") = "SuperMarketApp", "SuperMarketApp\SuperMarketApp.csproj", "{090D1C89-0C4F-422B-A22A-BCE2F95EAF2B}"
EndProject
Project("{FAE04EC0-301F-11D3-BF4B-00C04F79EFBC}") = "SuperMarket.Data", "SuperMarket.Data\SuperMarket.Data.csproj", "{90ADADC3-B01E-43B5-B33C-4A2B3694ECC1}"
EndProject
Project("{FAE04EC0-301F-11D3-BF4B-00C04F79EFBC}") = "SuperMarket.Domain", "SuperMarket.Domain\SuperMarket.Domain.csproj", "{81E4C751-53C6-495F-A7FD-5A19656AAF5F}"
EndProject
Global
	GlobalSection(SolutionConfigurationPlatforms) = preSolution
		Debug|Any CPU = Debug|Any CPU
		Release|Any CPU = Release|Any CPU
	EndGlobalSection
	GlobalSection(ProjectConfigurationPlatforms) = postSolution
		{090D1C89-0C4F-422B-A22A-BCE2F95EAF2B}.Debug|Any CPU.ActiveCfg = Debug|Any CPU
		{090D1C89-0C4F-422B-A22A-BCE2F95EAF2B}.Debug|Any CPU.Build.0 = Debug|Any CPU
		{090D1C89-0C4F-422B-A22A-BCE2F95EAF2B}.Release|Any CPU.ActiveCfg = Release|Any CPU
		{090D1C89-0C4F-422B-A22A-BCE2F95EAF2B}.Release|Any CPU.Build.0 = Release|Any CPU
		{90ADADC3-B01E-43B5-B33C-4A2B3694ECC1}.Debug|Any CPU.ActiveCfg = Debug|Any CPU
		{90ADADC3-B01E-43B5-B33C-4A2B3694ECC1}.Debug|Any CPU.Build.0 = Debug|Any CPU
		{90ADADC3-B01E-43B5-B33C-4A2B3694ECC1}.Release|Any CPU.ActiveCfg = Release|Any CPU
		{90ADADC3-B01E-43B5-B33C-4A2B3694ECC1}.Release|Any CPU.Build.0 = Release|Any CPU
		{81E4C751-53C6-495F-A7FD-5A19656AAF5F}.Debug|Any CPU.ActiveCfg = Debug|Any CPU
		{81E4C751-53C6-495F-A7FD-5A19656AAF5F}.Debug|Any CPU.Build.0 = Debug|Any CPU
		{81E4C751-53C6-495F-A7FD-5A19656AAF5F}.Release|Any CPU.ActiveCfg = Release|Any CPU
		{81E4C751-53C6-495F-A7FD-5A19656AAF5F}.Release|Any CPU.Build.0 = Release|Any CPU
	EndGlobalSection
	GlobalSection(SolutionProperties) = preSolution
		HideSolutionNode = FALSE
	EndGlobalSection
	GlobalSection(ExtensibilityGlobals) = postSolution
		SolutionGuid = {9504C7C6-3F17-436D-8B08-E6A37ECD1629}
	EndGlobalSection
EndGlobal
